// !$*UTF8*$!
{
	archiveVersion = 1;
	classes = {
	};
	objectVersion = 51;
	objects = {

/* Begin PBXBuildFile section */
		096299AB52A818D1EE056E4A /* Pods_ToutiaoNewsTests.framework in Frameworks */ = {isa = PBXBuildFile; fileRef = AA9E0474F51AD7EE39923512 /* Pods_ToutiaoNewsTests.framework */; };
		1E56C1BBA22DABB22A8F792B /* Pods_ToutiaoNewsUITests.framework in Frameworks */ = {isa = PBXBuildFile; fileRef = 0DA265D41D5D86A1AEAAE062 /* Pods_ToutiaoNewsUITests.framework */; };
		5F09488322AF9349008B3E8D /* NetworkTool.swift in Sources */ = {isa = PBXBuildFile; fileRef = 5F09488222AF9349008B3E8D /* NetworkTool.swift */; };
		5F09488522AFA3E3008B3E8D /* UserDetail.swift in Sources */ = {isa = PBXBuildFile; fileRef = 5F09488422AFA3E3008B3E8D /* UserDetail.swift */; };
		5F0DC7AC22B893A400465667 /* HomeUserCell.swift in Sources */ = {isa = PBXBuildFile; fileRef = 5F0DC7AA22B893A400465667 /* HomeUserCell.swift */; };
		5F0DC7AD22B893A400465667 /* HomeUserCell.xib in Resources */ = {isa = PBXBuildFile; fileRef = 5F0DC7AB22B893A400465667 /* HomeUserCell.xib */; };
		5F0DC7B022B8B9C100465667 /* TheyAlsoUseCell.swift in Sources */ = {isa = PBXBuildFile; fileRef = 5F0DC7AE22B8B9C100465667 /* TheyAlsoUseCell.swift */; };
		5F0DC7B122B8B9C100465667 /* TheyAlsoUseCell.xib in Resources */ = {isa = PBXBuildFile; fileRef = 5F0DC7AF22B8B9C100465667 /* TheyAlsoUseCell.xib */; };
		5F0DC7B422B8BBDC00465667 /* TheyUseCollectionCell.swift in Sources */ = {isa = PBXBuildFile; fileRef = 5F0DC7B222B8BBDC00465667 /* TheyUseCollectionCell.swift */; };
		5F0DC7B522B8BBDC00465667 /* TheyUseCollectionCell.xib in Resources */ = {isa = PBXBuildFile; fileRef = 5F0DC7B322B8BBDC00465667 /* TheyUseCollectionCell.xib */; };
		5F0DC7B722B8C43E00465667 /* Wenda.swift in Sources */ = {isa = PBXBuildFile; fileRef = 5F0DC7B622B8C43E00465667 /* Wenda.swift */; };
		5F0DC7BA22B8C9EA00465667 /* HomeCell.swift in Sources */ = {isa = PBXBuildFile; fileRef = 5F0DC7B822B8C9EA00465667 /* HomeCell.swift */; };
		5F0DC7BB22B8C9EA00465667 /* HomeCell.xib in Resources */ = {isa = PBXBuildFile; fileRef = 5F0DC7B922B8C9EA00465667 /* HomeCell.xib */; };
		5F0DC7BD22B8D37300465667 /* NewYearActivity.swift in Sources */ = {isa = PBXBuildFile; fileRef = 5F0DC7BC22B8D37300465667 /* NewYearActivity.swift */; };
		5F0DC7C122B8D3ED00465667 /* NSData+CRC32.m in Sources */ = {isa = PBXBuildFile; fileRef = 5F0DC7C022B8D3ED00465667 /* NSData+CRC32.m */; };
		5F0DC7CB22B8D64300465667 /* activity_main_mahjong_start_guide.json in Resources */ = {isa = PBXBuildFile; fileRef = 5F0DC7C222B8D64100465667 /* activity_main_mahjong_start_guide.json */; };
		5F0DC7CC22B8D64300465667 /* activity.plist in Resources */ = {isa = PBXBuildFile; fileRef = 5F0DC7C322B8D64100465667 /* activity.plist */; };
		5F0DC7CD22B8D64300465667 /* shengxiao.plist in Resources */ = {isa = PBXBuildFile; fileRef = 5F0DC7C422B8D64200465667 /* shengxiao.plist */; };
		5F0DC7CE22B8D64300465667 /* activity_main_head_white.json in Resources */ = {isa = PBXBuildFile; fileRef = 5F0DC7C522B8D64200465667 /* activity_main_head_white.json */; };
		5F0DC7CF22B8D64300465667 /* emojis.plist in Resources */ = {isa = PBXBuildFile; fileRef = 5F0DC7C622B8D64200465667 /* emojis.plist */; };
		5F0DC7D022B8D64300465667 /* settingPlist.plist in Resources */ = {isa = PBXBuildFile; fileRef = 5F0DC7C722B8D64200465667 /* settingPlist.plist */; };
		5F0DC7D122B8D64300465667 /* emoji_sort.plist in Resources */ = {isa = PBXBuildFile; fileRef = 5F0DC7C822B8D64200465667 /* emoji_sort.plist */; };
		5F0DC7D222B8D64300465667 /* activity2.plist in Resources */ = {isa = PBXBuildFile; fileRef = 5F0DC7C922B8D64200465667 /* activity2.plist */; };
		5F0DC7D322B8D64300465667 /* emoji_mapping.plist in Resources */ = {isa = PBXBuildFile; fileRef = 5F0DC7CA22B8D64300465667 /* emoji_mapping.plist */; };
		5F1CEFBD22B3A53B000AA25B /* HomeJokeCell.swift in Sources */ = {isa = PBXBuildFile; fileRef = 5F1CEFBB22B3A53B000AA25B /* HomeJokeCell.swift */; };
		5F1CEFBE22B3A53B000AA25B /* HomeJokeCell.xib in Resources */ = {isa = PBXBuildFile; fileRef = 5F1CEFBC22B3A53B000AA25B /* HomeJokeCell.xib */; };
		5F1CEFC122B3B5C6000AA25B /* HomeImageTableCell.swift in Sources */ = {isa = PBXBuildFile; fileRef = 5F1CEFBF22B3B5C6000AA25B /* HomeImageTableCell.swift */; };
		5F1CEFC222B3B5C6000AA25B /* HomeImageTableCell.xib in Resources */ = {isa = PBXBuildFile; fileRef = 5F1CEFC022B3B5C6000AA25B /* HomeImageTableCell.xib */; };
		5F3A39D222AE42850058DCBD /* UIKit+Extension.swift in Sources */ = {isa = PBXBuildFile; fileRef = 5F3A39D122AE42850058DCBD /* UIKit+Extension.swift */; };
		5F3A39D522AE56960058DCBD /* MyFirstSectionCell.swift in Sources */ = {isa = PBXBuildFile; fileRef = 5F3A39D322AE56960058DCBD /* MyFirstSectionCell.swift */; };
		5F3A39D622AE56960058DCBD /* MyFirstSectionCell.xib in Resources */ = {isa = PBXBuildFile; fileRef = 5F3A39D422AE56960058DCBD /* MyFirstSectionCell.xib */; };
		5F3A39D922AE56AE0058DCBD /* MyOtherCell.swift in Sources */ = {isa = PBXBuildFile; fileRef = 5F3A39D722AE56AE0058DCBD /* MyOtherCell.swift */; };
		5F3A39DA22AE56AE0058DCBD /* MyOtherCell.xib in Resources */ = {isa = PBXBuildFile; fileRef = 5F3A39D822AE56AE0058DCBD /* MyOtherCell.xib */; };
		5F3A39DD22AE64DD0058DCBD /* MyConcernCell.swift in Sources */ = {isa = PBXBuildFile; fileRef = 5F3A39DB22AE64DD0058DCBD /* MyConcernCell.swift */; };
		5F3A39DE22AE64DD0058DCBD /* MyConcernCell.xib in Resources */ = {isa = PBXBuildFile; fileRef = 5F3A39DC22AE64DD0058DCBD /* MyConcernCell.xib */; };
		5F40042422A8EF9E00186541 /* AppDelegate.swift in Sources */ = {isa = PBXBuildFile; fileRef = 5F40042322A8EF9E00186541 /* AppDelegate.swift */; };
		5F40042622A8EF9E00186541 /* ViewController.swift in Sources */ = {isa = PBXBuildFile; fileRef = 5F40042522A8EF9E00186541 /* ViewController.swift */; };
		5F40042922A8EF9E00186541 /* Main.storyboard in Resources */ = {isa = PBXBuildFile; fileRef = 5F40042722A8EF9E00186541 /* Main.storyboard */; };
		5F40042B22A8EFA000186541 /* Assets.xcassets in Resources */ = {isa = PBXBuildFile; fileRef = 5F40042A22A8EFA000186541 /* Assets.xcassets */; };
		5F40042E22A8EFA000186541 /* LaunchScreen.storyboard in Resources */ = {isa = PBXBuildFile; fileRef = 5F40042C22A8EFA000186541 /* LaunchScreen.storyboard */; };
		5F40043922A8EFA000186541 /* ToutiaoNewsTests.swift in Sources */ = {isa = PBXBuildFile; fileRef = 5F40043822A8EFA000186541 /* ToutiaoNewsTests.swift */; };
		5F40044422A8EFA000186541 /* ToutiaoNewsUITests.swift in Sources */ = {isa = PBXBuildFile; fileRef = 5F40044322A8EFA000186541 /* ToutiaoNewsUITests.swift */; };
		5F40045F22A9090A00186541 /* MainTabBarController.swift in Sources */ = {isa = PBXBuildFile; fileRef = 5F40045E22A9090A00186541 /* MainTabBarController.swift */; };
		5F40046522A90ADE00186541 /* HomeViewController.swift in Sources */ = {isa = PBXBuildFile; fileRef = 5F40046422A90ADE00186541 /* HomeViewController.swift */; };
		5F40047622A90B8100186541 /* VideoViewController.swift in Sources */ = {isa = PBXBuildFile; fileRef = 5F40047522A90B8100186541 /* VideoViewController.swift */; };
		5F40047822A90B9300186541 /* HuoshanViewController.swift in Sources */ = {isa = PBXBuildFile; fileRef = 5F40047722A90B9300186541 /* HuoshanViewController.swift */; };
		5F40047A22A90BA300186541 /* MineViewController.swift in Sources */ = {isa = PBXBuildFile; fileRef = 5F40047922A90BA300186541 /* MineViewController.swift */; };
		5F40047C22A90BD000186541 /* WeitoutiaoViewController.swift in Sources */ = {isa = PBXBuildFile; fileRef = 5F40047B22A90BD000186541 /* WeitoutiaoViewController.swift */; };
		5F40047E22A90F3100186541 /* Const.swift in Sources */ = {isa = PBXBuildFile; fileRef = 5F40047D22A90F3100186541 /* Const.swift */; };
		5F40048022A9100900186541 /* MyNavigationController.swift in Sources */ = {isa = PBXBuildFile; fileRef = 5F40047F22A9100900186541 /* MyNavigationController.swift */; };
		5F40048222A9112400186541 /* RedPackageViewController.swift in Sources */ = {isa = PBXBuildFile; fileRef = 5F40048122A9112400186541 /* RedPackageViewController.swift */; };
		5F40048622A915BD00186541 /* default_theme.plist in Resources */ = {isa = PBXBuildFile; fileRef = 5F40048422A915BD00186541 /* default_theme.plist */; };
		5F40048722A915BD00186541 /* night_theme.plist in Resources */ = {isa = PBXBuildFile; fileRef = 5F40048522A915BD00186541 /* night_theme.plist */; };
		5F40048922A9181100186541 /* MyCellModel.swift in Sources */ = {isa = PBXBuildFile; fileRef = 5F40048822A9181100186541 /* MyCellModel.swift */; };
		5F40048B22A9208700186541 /* NoLoginHeaderView.swift in Sources */ = {isa = PBXBuildFile; fileRef = 5F40048A22A9208700186541 /* NoLoginHeaderView.swift */; };
		5F40048D22A920A900186541 /* NoLoginHeaderView.xib in Resources */ = {isa = PBXBuildFile; fileRef = 5F40048C22A920A900186541 /* NoLoginHeaderView.xib */; };
		5F4BF01F22B0D5600028CEFB /* HomeJokeViewController.swift in Sources */ = {isa = PBXBuildFile; fileRef = 5F4BF01E22B0D5600028CEFB /* HomeJokeViewController.swift */; };
		5F4BF02122B0D8D90028CEFB /* HomeImageViewController.swift in Sources */ = {isa = PBXBuildFile; fileRef = 5F4BF02022B0D8D90028CEFB /* HomeImageViewController.swift */; };
		5F4BF02322B0DF2A0028CEFB /* HomeTableViewController.swift in Sources */ = {isa = PBXBuildFile; fileRef = 5F4BF02222B0DF2A0028CEFB /* HomeTableViewController.swift */; };
		5F4BF02522B0DFE20028CEFB /* HomeNewsTitle.swift in Sources */ = {isa = PBXBuildFile; fileRef = 5F4BF02422B0DFE20028CEFB /* HomeNewsTitle.swift */; };
		5F4BF02722B0E0FF0028CEFB /* VideoPlayerCustomView.swift in Sources */ = {isa = PBXBuildFile; fileRef = 5F4BF02622B0E0FF0028CEFB /* VideoPlayerCustomView.swift */; };
		5F4BF02922B0E2170028CEFB /* NewsModel.swift in Sources */ = {isa = PBXBuildFile; fileRef = 5F4BF02822B0E2170028CEFB /* NewsModel.swift */; };
		5F4BF02B22B0E3700028CEFB /* Calculate.swift in Sources */ = {isa = PBXBuildFile; fileRef = 5F4BF02A22B0E3700028CEFB /* Calculate.swift */; };
		5F4BF02D22B0E4000028CEFB /* Emoji.swift in Sources */ = {isa = PBXBuildFile; fileRef = 5F4BF02C22B0E4000028CEFB /* Emoji.swift */; };
		5F4BF02F22B0E5820028CEFB /* Foundation+Extension.swift in Sources */ = {isa = PBXBuildFile; fileRef = 5F4BF02E22B0E5820028CEFB /* Foundation+Extension.swift */; };
		5F4BF03122B0E9DA0028CEFB /* Video.swift in Sources */ = {isa = PBXBuildFile; fileRef = 5F4BF03022B0E9DA0028CEFB /* Video.swift */; };
		5F4BF03322B0EAC20028CEFB /* SVProgressHUD+Extension.swift in Sources */ = {isa = PBXBuildFile; fileRef = 5F4BF03222B0EAC20028CEFB /* SVProgressHUD+Extension.swift */; };
		5F4BF03522B0ECB70028CEFB /* RefreshView.swift in Sources */ = {isa = PBXBuildFile; fileRef = 5F4BF03422B0ECB70028CEFB /* RefreshView.swift */; };
		5F4BF03722B0F9960028CEFB /* HomeRecommendController.swift in Sources */ = {isa = PBXBuildFile; fileRef = 5F4BF03622B0F9960028CEFB /* HomeRecommendController.swift */; };
		5F4BF03922B0FBD10028CEFB /* TeMaiViewController.swift in Sources */ = {isa = PBXBuildFile; fileRef = 5F4BF03822B0FBD10028CEFB /* TeMaiViewController.swift */; };
		5F4BF03B22B0FE720028CEFB /* HomeNavigationView.swift in Sources */ = {isa = PBXBuildFile; fileRef = 5F4BF03A22B0FE720028CEFB /* HomeNavigationView.swift */; };
		5F4BF03D22B0FE880028CEFB /* HomeNavigationView.xib in Resources */ = {isa = PBXBuildFile; fileRef = 5F4BF03C22B0FE880028CEFB /* HomeNavigationView.xib */; };
		5F4BF04022B108C40028CEFB /* HomeAddCategoryController.swift in Sources */ = {isa = PBXBuildFile; fileRef = 5F4BF03E22B108C40028CEFB /* HomeAddCategoryController.swift */; };
		5F4BF04122B108C40028CEFB /* HomeAddCategoryController.xib in Resources */ = {isa = PBXBuildFile; fileRef = 5F4BF03F22B108C40028CEFB /* HomeAddCategoryController.xib */; };
		5F4D373722B1F5710098A358 /* SQLiteManager.swift in Sources */ = {isa = PBXBuildFile; fileRef = 5F4D373622B1F5710098A358 /* SQLiteManager.swift */; };
		7050F10D47E8E4233DB1C865 /* Pods_ToutiaoNews.framework in Frameworks */ = {isa = PBXBuildFile; fileRef = 5A04EB3748367E6E416C4D70 /* Pods_ToutiaoNews.framework */; };
/* End PBXBuildFile section */

/* Begin PBXContainerItemProxy section */
		5F40043522A8EFA000186541 /* PBXContainerItemProxy */ = {
			isa = PBXContainerItemProxy;
			containerPortal = 5F40041822A8EF9E00186541 /* Project object */;
			proxyType = 1;
			remoteGlobalIDString = 5F40041F22A8EF9E00186541;
			remoteInfo = ToutiaoNews;
		};
		5F40044022A8EFA000186541 /* PBXContainerItemProxy */ = {
			isa = PBXContainerItemProxy;
			containerPortal = 5F40041822A8EF9E00186541 /* Project object */;
			proxyType = 1;
			remoteGlobalIDString = 5F40041F22A8EF9E00186541;
			remoteInfo = ToutiaoNews;
		};
/* End PBXContainerItemProxy section */

/* Begin PBXFileReference section */
		0DA265D41D5D86A1AEAAE062 /* Pods_ToutiaoNewsUITests.framework */ = {isa = PBXFileReference; explicitFileType = wrapper.framework; includeInIndex = 0; path = Pods_ToutiaoNewsUITests.framework; sourceTree = BUILT_PRODUCTS_DIR; };
		33D6D973B2BF9B5AD7DEB4D6 /* Pods-ToutiaoNews.release.xcconfig */ = {isa = PBXFileReference; includeInIndex = 1; lastKnownFileType = text.xcconfig; name = "Pods-ToutiaoNews.release.xcconfig"; path = "Target Support Files/Pods-ToutiaoNews/Pods-ToutiaoNews.release.xcconfig"; sourceTree = "<group>"; };
		5A04EB3748367E6E416C4D70 /* Pods_ToutiaoNews.framework */ = {isa = PBXFileReference; explicitFileType = wrapper.framework; includeInIndex = 0; path = Pods_ToutiaoNews.framework; sourceTree = BUILT_PRODUCTS_DIR; };
		5A1C0E22037E3DF4A62CF551 /* Pods-ToutiaoNewsTests.debug.xcconfig */ = {isa = PBXFileReference; includeInIndex = 1; lastKnownFileType = text.xcconfig; name = "Pods-ToutiaoNewsTests.debug.xcconfig"; path = "Target Support Files/Pods-ToutiaoNewsTests/Pods-ToutiaoNewsTests.debug.xcconfig"; sourceTree = "<group>"; };
		5F09488222AF9349008B3E8D /* NetworkTool.swift */ = {isa = PBXFileReference; lastKnownFileType = sourcecode.swift; path = NetworkTool.swift; sourceTree = "<group>"; };
		5F09488422AFA3E3008B3E8D /* UserDetail.swift */ = {isa = PBXFileReference; lastKnownFileType = sourcecode.swift; path = UserDetail.swift; sourceTree = "<group>"; };
		5F0DC7AA22B893A400465667 /* HomeUserCell.swift */ = {isa = PBXFileReference; lastKnownFileType = sourcecode.swift; path = HomeUserCell.swift; sourceTree = "<group>"; };
		5F0DC7AB22B893A400465667 /* HomeUserCell.xib */ = {isa = PBXFileReference; lastKnownFileType = file.xib; path = HomeUserCell.xib; sourceTree = "<group>"; };
		5F0DC7AE22B8B9C100465667 /* TheyAlsoUseCell.swift */ = {isa = PBXFileReference; lastKnownFileType = sourcecode.swift; path = TheyAlsoUseCell.swift; sourceTree = "<group>"; };
		5F0DC7AF22B8B9C100465667 /* TheyAlsoUseCell.xib */ = {isa = PBXFileReference; lastKnownFileType = file.xib; path = TheyAlsoUseCell.xib; sourceTree = "<group>"; };
		5F0DC7B222B8BBDC00465667 /* TheyUseCollectionCell.swift */ = {isa = PBXFileReference; lastKnownFileType = sourcecode.swift; path = TheyUseCollectionCell.swift; sourceTree = "<group>"; };
		5F0DC7B322B8BBDC00465667 /* TheyUseCollectionCell.xib */ = {isa = PBXFileReference; lastKnownFileType = file.xib; path = TheyUseCollectionCell.xib; sourceTree = "<group>"; };
		5F0DC7B622B8C43E00465667 /* Wenda.swift */ = {isa = PBXFileReference; lastKnownFileType = sourcecode.swift; path = Wenda.swift; sourceTree = "<group>"; };
		5F0DC7B822B8C9EA00465667 /* HomeCell.swift */ = {isa = PBXFileReference; lastKnownFileType = sourcecode.swift; path = HomeCell.swift; sourceTree = "<group>"; };
		5F0DC7B922B8C9EA00465667 /* HomeCell.xib */ = {isa = PBXFileReference; lastKnownFileType = file.xib; path = HomeCell.xib; sourceTree = "<group>"; };
		5F0DC7BC22B8D37300465667 /* NewYearActivity.swift */ = {isa = PBXFileReference; lastKnownFileType = sourcecode.swift; path = NewYearActivity.swift; sourceTree = "<group>"; };
		5F0DC7BE22B8D3ED00465667 /* ToutiaoNews-Bridging-Header.h */ = {isa = PBXFileReference; lastKnownFileType = sourcecode.c.h; path = "ToutiaoNews-Bridging-Header.h"; sourceTree = "<group>"; };
		5F0DC7BF22B8D3ED00465667 /* NSData+CRC32.h */ = {isa = PBXFileReference; lastKnownFileType = sourcecode.c.h; path = "NSData+CRC32.h"; sourceTree = "<group>"; };
		5F0DC7C022B8D3ED00465667 /* NSData+CRC32.m */ = {isa = PBXFileReference; lastKnownFileType = sourcecode.c.objc; path = "NSData+CRC32.m"; sourceTree = "<group>"; };
		5F0DC7C222B8D64100465667 /* activity_main_mahjong_start_guide.json */ = {isa = PBXFileReference; fileEncoding = 4; lastKnownFileType = text.json; path = activity_main_mahjong_start_guide.json; sourceTree = "<group>"; };
		5F0DC7C322B8D64100465667 /* activity.plist */ = {isa = PBXFileReference; fileEncoding = 4; lastKnownFileType = text.plist.xml; path = activity.plist; sourceTree = "<group>"; };
		5F0DC7C422B8D64200465667 /* shengxiao.plist */ = {isa = PBXFileReference; fileEncoding = 4; lastKnownFileType = text.plist.xml; path = shengxiao.plist; sourceTree = "<group>"; };
		5F0DC7C522B8D64200465667 /* activity_main_head_white.json */ = {isa = PBXFileReference; fileEncoding = 4; lastKnownFileType = text.json; path = activity_main_head_white.json; sourceTree = "<group>"; };
		5F0DC7C622B8D64200465667 /* emojis.plist */ = {isa = PBXFileReference; fileEncoding = 4; lastKnownFileType = text.plist.xml; path = emojis.plist; sourceTree = "<group>"; };
		5F0DC7C722B8D64200465667 /* settingPlist.plist */ = {isa = PBXFileReference; fileEncoding = 4; lastKnownFileType = text.plist.xml; path = settingPlist.plist; sourceTree = "<group>"; };
		5F0DC7C822B8D64200465667 /* emoji_sort.plist */ = {isa = PBXFileReference; lastKnownFileType = file.bplist; path = emoji_sort.plist; sourceTree = "<group>"; };
		5F0DC7C922B8D64200465667 /* activity2.plist */ = {isa = PBXFileReference; fileEncoding = 4; lastKnownFileType = text.plist.xml; path = activity2.plist; sourceTree = "<group>"; };
		5F0DC7CA22B8D64300465667 /* emoji_mapping.plist */ = {isa = PBXFileReference; lastKnownFileType = file.bplist; path = emoji_mapping.plist; sourceTree = "<group>"; };
		5F1CEFBB22B3A53B000AA25B /* HomeJokeCell.swift */ = {isa = PBXFileReference; lastKnownFileType = sourcecode.swift; path = HomeJokeCell.swift; sourceTree = "<group>"; };
		5F1CEFBC22B3A53B000AA25B /* HomeJokeCell.xib */ = {isa = PBXFileReference; lastKnownFileType = file.xib; path = HomeJokeCell.xib; sourceTree = "<group>"; };
		5F1CEFBF22B3B5C6000AA25B /* HomeImageTableCell.swift */ = {isa = PBXFileReference; lastKnownFileType = sourcecode.swift; path = HomeImageTableCell.swift; sourceTree = "<group>"; };
		5F1CEFC022B3B5C6000AA25B /* HomeImageTableCell.xib */ = {isa = PBXFileReference; lastKnownFileType = file.xib; path = HomeImageTableCell.xib; sourceTree = "<group>"; };
		5F3A39D122AE42850058DCBD /* UIKit+Extension.swift */ = {isa = PBXFileReference; lastKnownFileType = sourcecode.swift; path = "UIKit+Extension.swift"; sourceTree = "<group>"; };
		5F3A39D322AE56960058DCBD /* MyFirstSectionCell.swift */ = {isa = PBXFileReference; lastKnownFileType = sourcecode.swift; path = MyFirstSectionCell.swift; sourceTree = "<group>"; };
		5F3A39D422AE56960058DCBD /* MyFirstSectionCell.xib */ = {isa = PBXFileReference; lastKnownFileType = file.xib; path = MyFirstSectionCell.xib; sourceTree = "<group>"; };
		5F3A39D722AE56AE0058DCBD /* MyOtherCell.swift */ = {isa = PBXFileReference; lastKnownFileType = sourcecode.swift; path = MyOtherCell.swift; sourceTree = "<group>"; };
		5F3A39D822AE56AE0058DCBD /* MyOtherCell.xib */ = {isa = PBXFileReference; lastKnownFileType = file.xib; path = MyOtherCell.xib; sourceTree = "<group>"; };
		5F3A39DB22AE64DD0058DCBD /* MyConcernCell.swift */ = {isa = PBXFileReference; lastKnownFileType = sourcecode.swift; path = MyConcernCell.swift; sourceTree = "<group>"; };
		5F3A39DC22AE64DD0058DCBD /* MyConcernCell.xib */ = {isa = PBXFileReference; lastKnownFileType = file.xib; path = MyConcernCell.xib; sourceTree = "<group>"; };
		5F40042022A8EF9E00186541 /* ToutiaoNews.app */ = {isa = PBXFileReference; explicitFileType = wrapper.application; includeInIndex = 0; path = ToutiaoNews.app; sourceTree = BUILT_PRODUCTS_DIR; };
		5F40042322A8EF9E00186541 /* AppDelegate.swift */ = {isa = PBXFileReference; lastKnownFileType = sourcecode.swift; path = AppDelegate.swift; sourceTree = "<group>"; };
		5F40042522A8EF9E00186541 /* ViewController.swift */ = {isa = PBXFileReference; lastKnownFileType = sourcecode.swift; path = ViewController.swift; sourceTree = "<group>"; };
		5F40042822A8EF9E00186541 /* Base */ = {isa = PBXFileReference; lastKnownFileType = file.storyboard; name = Base; path = Base.lproj/Main.storyboard; sourceTree = "<group>"; };
		5F40042A22A8EFA000186541 /* Assets.xcassets */ = {isa = PBXFileReference; lastKnownFileType = folder.assetcatalog; path = Assets.xcassets; sourceTree = "<group>"; };
		5F40042D22A8EFA000186541 /* Base */ = {isa = PBXFileReference; lastKnownFileType = file.storyboard; name = Base; path = Base.lproj/LaunchScreen.storyboard; sourceTree = "<group>"; };
		5F40042F22A8EFA000186541 /* Info.plist */ = {isa = PBXFileReference; lastKnownFileType = text.plist.xml; path = Info.plist; sourceTree = "<group>"; };
		5F40043422A8EFA000186541 /* ToutiaoNewsTests.xctest */ = {isa = PBXFileReference; explicitFileType = wrapper.cfbundle; includeInIndex = 0; path = ToutiaoNewsTests.xctest; sourceTree = BUILT_PRODUCTS_DIR; };
		5F40043822A8EFA000186541 /* ToutiaoNewsTests.swift */ = {isa = PBXFileReference; lastKnownFileType = sourcecode.swift; path = ToutiaoNewsTests.swift; sourceTree = "<group>"; };
		5F40043A22A8EFA000186541 /* Info.plist */ = {isa = PBXFileReference; lastKnownFileType = text.plist.xml; path = Info.plist; sourceTree = "<group>"; };
		5F40043F22A8EFA000186541 /* ToutiaoNewsUITests.xctest */ = {isa = PBXFileReference; explicitFileType = wrapper.cfbundle; includeInIndex = 0; path = ToutiaoNewsUITests.xctest; sourceTree = BUILT_PRODUCTS_DIR; };
		5F40044322A8EFA000186541 /* ToutiaoNewsUITests.swift */ = {isa = PBXFileReference; lastKnownFileType = sourcecode.swift; path = ToutiaoNewsUITests.swift; sourceTree = "<group>"; };
		5F40044522A8EFA000186541 /* Info.plist */ = {isa = PBXFileReference; lastKnownFileType = text.plist.xml; path = Info.plist; sourceTree = "<group>"; };
		5F40045E22A9090A00186541 /* MainTabBarController.swift */ = {isa = PBXFileReference; lastKnownFileType = sourcecode.swift; path = MainTabBarController.swift; sourceTree = "<group>"; };
		5F40046422A90ADE00186541 /* HomeViewController.swift */ = {isa = PBXFileReference; lastKnownFileType = sourcecode.swift; path = HomeViewController.swift; sourceTree = "<group>"; };
		5F40047522A90B8100186541 /* VideoViewController.swift */ = {isa = PBXFileReference; lastKnownFileType = sourcecode.swift; path = VideoViewController.swift; sourceTree = "<group>"; };
		5F40047722A90B9300186541 /* HuoshanViewController.swift */ = {isa = PBXFileReference; lastKnownFileType = sourcecode.swift; path = HuoshanViewController.swift; sourceTree = "<group>"; };
		5F40047922A90BA300186541 /* MineViewController.swift */ = {isa = PBXFileReference; lastKnownFileType = sourcecode.swift; path = MineViewController.swift; sourceTree = "<group>"; };
		5F40047B22A90BD000186541 /* WeitoutiaoViewController.swift */ = {isa = PBXFileReference; lastKnownFileType = sourcecode.swift; path = WeitoutiaoViewController.swift; sourceTree = "<group>"; };
		5F40047D22A90F3100186541 /* Const.swift */ = {isa = PBXFileReference; lastKnownFileType = sourcecode.swift; path = Const.swift; sourceTree = "<group>"; };
		5F40047F22A9100900186541 /* MyNavigationController.swift */ = {isa = PBXFileReference; lastKnownFileType = sourcecode.swift; path = MyNavigationController.swift; sourceTree = "<group>"; };
		5F40048122A9112400186541 /* RedPackageViewController.swift */ = {isa = PBXFileReference; lastKnownFileType = sourcecode.swift; path = RedPackageViewController.swift; sourceTree = "<group>"; };
		5F40048422A915BD00186541 /* default_theme.plist */ = {isa = PBXFileReference; fileEncoding = 4; lastKnownFileType = text.plist.xml; path = default_theme.plist; sourceTree = "<group>"; };
		5F40048522A915BD00186541 /* night_theme.plist */ = {isa = PBXFileReference; fileEncoding = 4; lastKnownFileType = text.plist.xml; path = night_theme.plist; sourceTree = "<group>"; };
		5F40048822A9181100186541 /* MyCellModel.swift */ = {isa = PBXFileReference; lastKnownFileType = sourcecode.swift; path = MyCellModel.swift; sourceTree = "<group>"; };
		5F40048A22A9208700186541 /* NoLoginHeaderView.swift */ = {isa = PBXFileReference; lastKnownFileType = sourcecode.swift; path = NoLoginHeaderView.swift; sourceTree = "<group>"; };
		5F40048C22A920A900186541 /* NoLoginHeaderView.xib */ = {isa = PBXFileReference; lastKnownFileType = file.xib; path = NoLoginHeaderView.xib; sourceTree = "<group>"; };
		5F4BF01E22B0D5600028CEFB /* HomeJokeViewController.swift */ = {isa = PBXFileReference; lastKnownFileType = sourcecode.swift; path = HomeJokeViewController.swift; sourceTree = "<group>"; };
		5F4BF02022B0D8D90028CEFB /* HomeImageViewController.swift */ = {isa = PBXFileReference; lastKnownFileType = sourcecode.swift; path = HomeImageViewController.swift; sourceTree = "<group>"; };
		5F4BF02222B0DF2A0028CEFB /* HomeTableViewController.swift */ = {isa = PBXFileReference; lastKnownFileType = sourcecode.swift; path = HomeTableViewController.swift; sourceTree = "<group>"; };
		5F4BF02422B0DFE20028CEFB /* HomeNewsTitle.swift */ = {isa = PBXFileReference; lastKnownFileType = sourcecode.swift; path = HomeNewsTitle.swift; sourceTree = "<group>"; };
		5F4BF02622B0E0FF0028CEFB /* VideoPlayerCustomView.swift */ = {isa = PBXFileReference; lastKnownFileType = sourcecode.swift; path = VideoPlayerCustomView.swift; sourceTree = "<group>"; };
		5F4BF02822B0E2170028CEFB /* NewsModel.swift */ = {isa = PBXFileReference; lastKnownFileType = sourcecode.swift; path = NewsModel.swift; sourceTree = "<group>"; };
		5F4BF02A22B0E3700028CEFB /* Calculate.swift */ = {isa = PBXFileReference; lastKnownFileType = sourcecode.swift; path = Calculate.swift; sourceTree = "<group>"; };
		5F4BF02C22B0E4000028CEFB /* Emoji.swift */ = {isa = PBXFileReference; lastKnownFileType = sourcecode.swift; path = Emoji.swift; sourceTree = "<group>"; };
		5F4BF02E22B0E5820028CEFB /* Foundation+Extension.swift */ = {isa = PBXFileReference; lastKnownFileType = sourcecode.swift; path = "Foundation+Extension.swift"; sourceTree = "<group>"; };
		5F4BF03022B0E9DA0028CEFB /* Video.swift */ = {isa = PBXFileReference; lastKnownFileType = sourcecode.swift; path = Video.swift; sourceTree = "<group>"; };
		5F4BF03222B0EAC20028CEFB /* SVProgressHUD+Extension.swift */ = {isa = PBXFileReference; lastKnownFileType = sourcecode.swift; path = "SVProgressHUD+Extension.swift"; sourceTree = "<group>"; };
		5F4BF03422B0ECB70028CEFB /* RefreshView.swift */ = {isa = PBXFileReference; lastKnownFileType = sourcecode.swift; path = RefreshView.swift; sourceTree = "<group>"; };
		5F4BF03622B0F9960028CEFB /* HomeRecommendController.swift */ = {isa = PBXFileReference; lastKnownFileType = sourcecode.swift; path = HomeRecommendController.swift; sourceTree = "<group>"; };
		5F4BF03822B0FBD10028CEFB /* TeMaiViewController.swift */ = {isa = PBXFileReference; lastKnownFileType = sourcecode.swift; path = TeMaiViewController.swift; sourceTree = "<group>"; };
		5F4BF03A22B0FE720028CEFB /* HomeNavigationView.swift */ = {isa = PBXFileReference; lastKnownFileType = sourcecode.swift; path = HomeNavigationView.swift; sourceTree = "<group>"; };
		5F4BF03C22B0FE880028CEFB /* HomeNavigationView.xib */ = {isa = PBXFileReference; lastKnownFileType = file.xib; path = HomeNavigationView.xib; sourceTree = "<group>"; };
		5F4BF03E22B108C40028CEFB /* HomeAddCategoryController.swift */ = {isa = PBXFileReference; lastKnownFileType = sourcecode.swift; path = HomeAddCategoryController.swift; sourceTree = "<group>"; };
		5F4BF03F22B108C40028CEFB /* HomeAddCategoryController.xib */ = {isa = PBXFileReference; lastKnownFileType = file.xib; path = HomeAddCategoryController.xib; sourceTree = "<group>"; };
		5F4D373622B1F5710098A358 /* SQLiteManager.swift */ = {isa = PBXFileReference; lastKnownFileType = sourcecode.swift; path = SQLiteManager.swift; sourceTree = "<group>"; };
		7EB93B9A6C38196FD51B04D8 /* Pods-ToutiaoNewsTests.release.xcconfig */ = {isa = PBXFileReference; includeInIndex = 1; lastKnownFileType = text.xcconfig; name = "Pods-ToutiaoNewsTests.release.xcconfig"; path = "Target Support Files/Pods-ToutiaoNewsTests/Pods-ToutiaoNewsTests.release.xcconfig"; sourceTree = "<group>"; };
		A381ECDBA4C58B7CDD7F6ABB /* Pods-ToutiaoNewsUITests.debug.xcconfig */ = {isa = PBXFileReference; includeInIndex = 1; lastKnownFileType = text.xcconfig; name = "Pods-ToutiaoNewsUITests.debug.xcconfig"; path = "Target Support Files/Pods-ToutiaoNewsUITests/Pods-ToutiaoNewsUITests.debug.xcconfig"; sourceTree = "<group>"; };
		AA9E0474F51AD7EE39923512 /* Pods_ToutiaoNewsTests.framework */ = {isa = PBXFileReference; explicitFileType = wrapper.framework; includeInIndex = 0; path = Pods_ToutiaoNewsTests.framework; sourceTree = BUILT_PRODUCTS_DIR; };
		B712BAE43DDF3B9464391799 /* Pods-ToutiaoNewsUITests.release.xcconfig */ = {isa = PBXFileReference; includeInIndex = 1; lastKnownFileType = text.xcconfig; name = "Pods-ToutiaoNewsUITests.release.xcconfig"; path = "Target Support Files/Pods-ToutiaoNewsUITests/Pods-ToutiaoNewsUITests.release.xcconfig"; sourceTree = "<group>"; };
		E43AAFE24B8B44E266CFD2DD /* Pods-ToutiaoNews.debug.xcconfig */ = {isa = PBXFileReference; includeInIndex = 1; lastKnownFileType = text.xcconfig; name = "Pods-ToutiaoNews.debug.xcconfig"; path = "Target Support Files/Pods-ToutiaoNews/Pods-ToutiaoNews.debug.xcconfig"; sourceTree = "<group>"; };
/* End PBXFileReference section */

/* Begin PBXFrameworksBuildPhase section */
		5F40041D22A8EF9E00186541 /* Frameworks */ = {
			isa = PBXFrameworksBuildPhase;
			buildActionMask = 2147483647;
			files = (
				7050F10D47E8E4233DB1C865 /* Pods_ToutiaoNews.framework in Frameworks */,
			);
			runOnlyForDeploymentPostprocessing = 0;
		};
		5F40043122A8EFA000186541 /* Frameworks */ = {
			isa = PBXFrameworksBuildPhase;
			buildActionMask = 2147483647;
			files = (
				096299AB52A818D1EE056E4A /* Pods_ToutiaoNewsTests.framework in Frameworks */,
			);
			runOnlyForDeploymentPostprocessing = 0;
		};
		5F40043C22A8EFA000186541 /* Frameworks */ = {
			isa = PBXFrameworksBuildPhase;
			buildActionMask = 2147483647;
			files = (
				1E56C1BBA22DABB22A8F792B /* Pods_ToutiaoNewsUITests.framework in Frameworks */,
			);
			runOnlyForDeploymentPostprocessing = 0;
		};
/* End PBXFrameworksBuildPhase section */

/* Begin PBXGroup section */
		36B5F8A0923969059B31DE73 /* Frameworks */ = {
			isa = PBXGroup;
			children = (
				5A04EB3748367E6E416C4D70 /* Pods_ToutiaoNews.framework */,
				AA9E0474F51AD7EE39923512 /* Pods_ToutiaoNewsTests.framework */,
				0DA265D41D5D86A1AEAAE062 /* Pods_ToutiaoNewsUITests.framework */,
			);
			name = Frameworks;
			sourceTree = "<group>";
		};
		5F40041722A8EF9E00186541 = {
			isa = PBXGroup;
			children = (
				5F40042222A8EF9E00186541 /* ToutiaoNews */,
				5F40043722A8EFA000186541 /* ToutiaoNewsTests */,
				5F40044222A8EFA000186541 /* ToutiaoNewsUITests */,
				5F40042122A8EF9E00186541 /* Products */,
				EDE1313516369D44C2EA7798 /* Pods */,
				36B5F8A0923969059B31DE73 /* Frameworks */,
			);
			sourceTree = "<group>";
		};
		5F40042122A8EF9E00186541 /* Products */ = {
			isa = PBXGroup;
			children = (
				5F40042022A8EF9E00186541 /* ToutiaoNews.app */,
				5F40043422A8EFA000186541 /* ToutiaoNewsTests.xctest */,
				5F40043F22A8EFA000186541 /* ToutiaoNewsUITests.xctest */,
			);
			name = Products;
			sourceTree = "<group>";
		};
		5F40042222A8EF9E00186541 /* ToutiaoNews */ = {
			isa = PBXGroup;
			children = (
				5F40045122A907C600186541 /* Classes */,
				5F40042522A8EF9E00186541 /* ViewController.swift */,
				5F40042722A8EF9E00186541 /* Main.storyboard */,
				5F40042A22A8EFA000186541 /* Assets.xcassets */,
				5F40042C22A8EFA000186541 /* LaunchScreen.storyboard */,
				5F40042F22A8EFA000186541 /* Info.plist */,
			);
			path = ToutiaoNews;
			sourceTree = "<group>";
		};
		5F40043722A8EFA000186541 /* ToutiaoNewsTests */ = {
			isa = PBXGroup;
			children = (
				5F40043822A8EFA000186541 /* ToutiaoNewsTests.swift */,
				5F40043A22A8EFA000186541 /* Info.plist */,
			);
			path = ToutiaoNewsTests;
			sourceTree = "<group>";
		};
		5F40044222A8EFA000186541 /* ToutiaoNewsUITests */ = {
			isa = PBXGroup;
			children = (
				5F40044322A8EFA000186541 /* ToutiaoNewsUITests.swift */,
				5F40044522A8EFA000186541 /* Info.plist */,
			);
			path = ToutiaoNewsUITests;
			sourceTree = "<group>";
		};
		5F40045122A907C600186541 /* Classes */ = {
			isa = PBXGroup;
			children = (
				5F40045222A907D300186541 /* Home */,
				5F40045322A907E100186541 /* Video */,
				5F40045922A9082A00186541 /* Huoshan */,
				5F40045822A9082200186541 /* Mine */,
				5F40045722A9081500186541 /* Weitoutiao */,
				5F40045622A9080700186541 /* RedPackage */,
				5F40045522A907FF00186541 /* Main */,
				5F40045422A907F700186541 /* Others */,
			);
			path = Classes;
			sourceTree = "<group>";
		};
		5F40045222A907D300186541 /* Home */ = {
			isa = PBXGroup;
			children = (
				5F40046222A90A9F00186541 /* Controller */,
				5F40046122A90A9D00186541 /* Model */,
				5F40046022A90A9A00186541 /* View */,
			);
			path = Home;
			sourceTree = "<group>";
		};
		5F40045322A907E100186541 /* Video */ = {
			isa = PBXGroup;
			children = (
				5F40046822A90B0F00186541 /* Controller */,
				5F40046722A90B0C00186541 /* Model */,
				5F40046622A90B0800186541 /* View */,
			);
			path = Video;
			sourceTree = "<group>";
		};
		5F40045422A907F700186541 /* Others */ = {
			isa = PBXGroup;
			children = (
				5F40048322A915BD00186541 /* Theme */,
				5F40042322A8EF9E00186541 /* AppDelegate.swift */,
				5F40047D22A90F3100186541 /* Const.swift */,
				5F0DC7C522B8D64200465667 /* activity_main_head_white.json */,
				5F0DC7C222B8D64100465667 /* activity_main_mahjong_start_guide.json */,
				5F0DC7C322B8D64100465667 /* activity.plist */,
				5F0DC7C922B8D64200465667 /* activity2.plist */,
				5F0DC7CA22B8D64300465667 /* emoji_mapping.plist */,
				5F0DC7C822B8D64200465667 /* emoji_sort.plist */,
				5F0DC7C622B8D64200465667 /* emojis.plist */,
				5F0DC7C722B8D64200465667 /* settingPlist.plist */,
				5F0DC7C422B8D64200465667 /* shengxiao.plist */,
			);
			path = Others;
			sourceTree = "<group>";
		};
		5F40045522A907FF00186541 /* Main */ = {
			isa = PBXGroup;
			children = (
				5F40045D22A908B100186541 /* Tools */,
				5F40045C22A908A800186541 /* Extension */,
				5F40045B22A908A100186541 /* Controller */,
				5F40045A22A9089B00186541 /* View */,
			);
			path = Main;
			sourceTree = "<group>";
		};
		5F40045622A9080700186541 /* RedPackage */ = {
			isa = PBXGroup;
			children = (
				5F40047222A90B5B00186541 /* Controller */,
				5F40047422A90B5B00186541 /* Model */,
				5F40047322A90B5B00186541 /* View */,
			);
			path = RedPackage;
			sourceTree = "<group>";
		};
		5F40045722A9081500186541 /* Weitoutiao */ = {
			isa = PBXGroup;
			children = (
				5F40046922A90B4000186541 /* Controller */,
				5F40046A22A90B4000186541 /* Model */,
				5F40046B22A90B4000186541 /* View */,
			);
			path = Weitoutiao;
			sourceTree = "<group>";
		};
		5F40045822A9082200186541 /* Mine */ = {
			isa = PBXGroup;
			children = (
				5F40046E22A90B4800186541 /* Controller */,
				5F40046C22A90B4700186541 /* Model */,
				5F40046D22A90B4700186541 /* View */,
			);
			path = Mine;
			sourceTree = "<group>";
		};
		5F40045922A9082A00186541 /* Huoshan */ = {
			isa = PBXGroup;
			children = (
				5F40046F22A90B4F00186541 /* Controller */,
				5F40047022A90B4F00186541 /* Model */,
				5F40047122A90B4F00186541 /* View */,
			);
			path = Huoshan;
			sourceTree = "<group>";
		};
		5F40045A22A9089B00186541 /* View */ = {
			isa = PBXGroup;
			children = (
				5F4BF03422B0ECB70028CEFB /* RefreshView.swift */,
			);
			path = View;
			sourceTree = "<group>";
		};
		5F40045B22A908A100186541 /* Controller */ = {
			isa = PBXGroup;
			children = (
				5F40045E22A9090A00186541 /* MainTabBarController.swift */,
				5F40047F22A9100900186541 /* MyNavigationController.swift */,
			);
			path = Controller;
			sourceTree = "<group>";
		};
		5F40045C22A908A800186541 /* Extension */ = {
			isa = PBXGroup;
			children = (
				5F3A39D122AE42850058DCBD /* UIKit+Extension.swift */,
				5F4BF02E22B0E5820028CEFB /* Foundation+Extension.swift */,
				5F4BF03222B0EAC20028CEFB /* SVProgressHUD+Extension.swift */,
				5F0DC7BF22B8D3ED00465667 /* NSData+CRC32.h */,
				5F0DC7C022B8D3ED00465667 /* NSData+CRC32.m */,
				5F0DC7BE22B8D3ED00465667 /* ToutiaoNews-Bridging-Header.h */,
			);
			path = Extension;
			sourceTree = "<group>";
		};
		5F40045D22A908B100186541 /* Tools */ = {
			isa = PBXGroup;
			children = (
				5F09488222AF9349008B3E8D /* NetworkTool.swift */,
				5F4BF02A22B0E3700028CEFB /* Calculate.swift */,
				5F4BF02C22B0E4000028CEFB /* Emoji.swift */,
				5F4D373622B1F5710098A358 /* SQLiteManager.swift */,
			);
			path = Tools;
			sourceTree = "<group>";
		};
		5F40046022A90A9A00186541 /* View */ = {
			isa = PBXGroup;
			children = (
				5F4BF03A22B0FE720028CEFB /* HomeNavigationView.swift */,
				5F4BF03C22B0FE880028CEFB /* HomeNavigationView.xib */,
				5F1CEFBB22B3A53B000AA25B /* HomeJokeCell.swift */,
				5F1CEFBC22B3A53B000AA25B /* HomeJokeCell.xib */,
				5F1CEFBF22B3B5C6000AA25B /* HomeImageTableCell.swift */,
				5F1CEFC022B3B5C6000AA25B /* HomeImageTableCell.xib */,
				5F0DC7AA22B893A400465667 /* HomeUserCell.swift */,
				5F0DC7AB22B893A400465667 /* HomeUserCell.xib */,
				5F0DC7AE22B8B9C100465667 /* TheyAlsoUseCell.swift */,
				5F0DC7AF22B8B9C100465667 /* TheyAlsoUseCell.xib */,
				5F0DC7B222B8BBDC00465667 /* TheyUseCollectionCell.swift */,
				5F0DC7B322B8BBDC00465667 /* TheyUseCollectionCell.xib */,
				5F0DC7B822B8C9EA00465667 /* HomeCell.swift */,
				5F0DC7B922B8C9EA00465667 /* HomeCell.xib */,
			);
			path = View;
			sourceTree = "<group>";
		};
		5F40046122A90A9D00186541 /* Model */ = {
			isa = PBXGroup;
			children = (
				5F4BF02422B0DFE20028CEFB /* HomeNewsTitle.swift */,
				5F4BF02822B0E2170028CEFB /* NewsModel.swift */,
				5F0DC7B622B8C43E00465667 /* Wenda.swift */,
			);
			path = Model;
			sourceTree = "<group>";
		};
		5F40046222A90A9F00186541 /* Controller */ = {
			isa = PBXGroup;
			children = (
				5F40046422A90ADE00186541 /* HomeViewController.swift */,
				5F4BF02222B0DF2A0028CEFB /* HomeTableViewController.swift */,
				5F4BF03622B0F9960028CEFB /* HomeRecommendController.swift */,
				5F4BF01E22B0D5600028CEFB /* HomeJokeViewController.swift */,
				5F4BF02022B0D8D90028CEFB /* HomeImageViewController.swift */,
				5F4BF03822B0FBD10028CEFB /* TeMaiViewController.swift */,
				5F4BF03E22B108C40028CEFB /* HomeAddCategoryController.swift */,
				5F4BF03F22B108C40028CEFB /* HomeAddCategoryController.xib */,
			);
			path = Controller;
			sourceTree = "<group>";
		};
		5F40046622A90B0800186541 /* View */ = {
			isa = PBXGroup;
			children = (
				5F4BF02622B0E0FF0028CEFB /* VideoPlayerCustomView.swift */,
			);
			path = View;
			sourceTree = "<group>";
		};
		5F40046722A90B0C00186541 /* Model */ = {
			isa = PBXGroup;
			children = (
				5F4BF03022B0E9DA0028CEFB /* Video.swift */,
			);
			path = Model;
			sourceTree = "<group>";
		};
		5F40046822A90B0F00186541 /* Controller */ = {
			isa = PBXGroup;
			children = (
				5F40047522A90B8100186541 /* VideoViewController.swift */,
			);
			path = Controller;
			sourceTree = "<group>";
		};
		5F40046922A90B4000186541 /* Controller */ = {
			isa = PBXGroup;
			children = (
				5F40047B22A90BD000186541 /* WeitoutiaoViewController.swift */,
			);
			path = Controller;
			sourceTree = "<group>";
		};
		5F40046A22A90B4000186541 /* Model */ = {
			isa = PBXGroup;
			children = (
			);
			path = Model;
			sourceTree = "<group>";
		};
		5F40046B22A90B4000186541 /* View */ = {
			isa = PBXGroup;
			children = (
			);
			path = View;
			sourceTree = "<group>";
		};
		5F40046C22A90B4700186541 /* Model */ = {
			isa = PBXGroup;
			children = (
				5F40048822A9181100186541 /* MyCellModel.swift */,
				5F09488422AFA3E3008B3E8D /* UserDetail.swift */,
			);
			path = Model;
			sourceTree = "<group>";
		};
		5F40046D22A90B4700186541 /* View */ = {
			isa = PBXGroup;
			children = (
				5F40048A22A9208700186541 /* NoLoginHeaderView.swift */,
				5F40048C22A920A900186541 /* NoLoginHeaderView.xib */,
				5F3A39D322AE56960058DCBD /* MyFirstSectionCell.swift */,
				5F3A39D422AE56960058DCBD /* MyFirstSectionCell.xib */,
				5F3A39D722AE56AE0058DCBD /* MyOtherCell.swift */,
				5F3A39D822AE56AE0058DCBD /* MyOtherCell.xib */,
				5F3A39DB22AE64DD0058DCBD /* MyConcernCell.swift */,
				5F3A39DC22AE64DD0058DCBD /* MyConcernCell.xib */,
			);
			path = View;
			sourceTree = "<group>";
		};
		5F40046E22A90B4800186541 /* Controller */ = {
			isa = PBXGroup;
			children = (
				5F40047922A90BA300186541 /* MineViewController.swift */,
			);
			path = Controller;
			sourceTree = "<group>";
		};
		5F40046F22A90B4F00186541 /* Controller */ = {
			isa = PBXGroup;
			children = (
				5F40047722A90B9300186541 /* HuoshanViewController.swift */,
			);
			path = Controller;
			sourceTree = "<group>";
		};
		5F40047022A90B4F00186541 /* Model */ = {
			isa = PBXGroup;
			children = (
			);
			path = Model;
			sourceTree = "<group>";
		};
		5F40047122A90B4F00186541 /* View */ = {
			isa = PBXGroup;
			children = (
			);
			path = View;
			sourceTree = "<group>";
		};
		5F40047222A90B5B00186541 /* Controller */ = {
			isa = PBXGroup;
			children = (
				5F40048122A9112400186541 /* RedPackageViewController.swift */,
			);
			path = Controller;
			sourceTree = "<group>";
		};
		5F40047322A90B5B00186541 /* View */ = {
			isa = PBXGroup;
			children = (
			);
			path = View;
			sourceTree = "<group>";
		};
		5F40047422A90B5B00186541 /* Model */ = {
			isa = PBXGroup;
			children = (
				5F0DC7BC22B8D37300465667 /* NewYearActivity.swift */,
			);
			path = Model;
			sourceTree = "<group>";
		};
		5F40048322A915BD00186541 /* Theme */ = {
			isa = PBXGroup;
			children = (
				5F40048422A915BD00186541 /* default_theme.plist */,
				5F40048522A915BD00186541 /* night_theme.plist */,
			);
			path = Theme;
			sourceTree = "<group>";
		};
		EDE1313516369D44C2EA7798 /* Pods */ = {
			isa = PBXGroup;
			children = (
				E43AAFE24B8B44E266CFD2DD /* Pods-ToutiaoNews.debug.xcconfig */,
				33D6D973B2BF9B5AD7DEB4D6 /* Pods-ToutiaoNews.release.xcconfig */,
				5A1C0E22037E3DF4A62CF551 /* Pods-ToutiaoNewsTests.debug.xcconfig */,
				7EB93B9A6C38196FD51B04D8 /* Pods-ToutiaoNewsTests.release.xcconfig */,
				A381ECDBA4C58B7CDD7F6ABB /* Pods-ToutiaoNewsUITests.debug.xcconfig */,
				B712BAE43DDF3B9464391799 /* Pods-ToutiaoNewsUITests.release.xcconfig */,
			);
			path = Pods;
			sourceTree = "<group>";
		};
/* End PBXGroup section */

/* Begin PBXNativeTarget section */
		5F40041F22A8EF9E00186541 /* ToutiaoNews */ = {
			isa = PBXNativeTarget;
			buildConfigurationList = 5F40044822A8EFA000186541 /* Build configuration list for PBXNativeTarget "ToutiaoNews" */;
			buildPhases = (
				74E25E062634431E97601794 /* [CP] Check Pods Manifest.lock */,
				5F40041C22A8EF9E00186541 /* Sources */,
				5F40041D22A8EF9E00186541 /* Frameworks */,
				5F40041E22A8EF9E00186541 /* Resources */,
				4A4E6DFE4730656BDEBF17A9 /* [CP] Embed Pods Frameworks */,
			);
			buildRules = (
			);
			dependencies = (
			);
			name = ToutiaoNews;
			productName = ToutiaoNews;
			productReference = 5F40042022A8EF9E00186541 /* ToutiaoNews.app */;
			productType = "com.apple.product-type.application";
		};
		5F40043322A8EFA000186541 /* ToutiaoNewsTests */ = {
			isa = PBXNativeTarget;
			buildConfigurationList = 5F40044B22A8EFA000186541 /* Build configuration list for PBXNativeTarget "ToutiaoNewsTests" */;
			buildPhases = (
				3AABFCDA67788E77B3687609 /* [CP] Check Pods Manifest.lock */,
				5F40043022A8EFA000186541 /* Sources */,
				5F40043122A8EFA000186541 /* Frameworks */,
				5F40043222A8EFA000186541 /* Resources */,
			);
			buildRules = (
			);
			dependencies = (
				5F40043622A8EFA000186541 /* PBXTargetDependency */,
			);
			name = ToutiaoNewsTests;
			productName = ToutiaoNewsTests;
			productReference = 5F40043422A8EFA000186541 /* ToutiaoNewsTests.xctest */;
			productType = "com.apple.product-type.bundle.unit-test";
		};
		5F40043E22A8EFA000186541 /* ToutiaoNewsUITests */ = {
			isa = PBXNativeTarget;
			buildConfigurationList = 5F40044E22A8EFA000186541 /* Build configuration list for PBXNativeTarget "ToutiaoNewsUITests" */;
			buildPhases = (
				7F62D848207D191B1CCBE42E /* [CP] Check Pods Manifest.lock */,
				5F40043B22A8EFA000186541 /* Sources */,
				5F40043C22A8EFA000186541 /* Frameworks */,
				5F40043D22A8EFA000186541 /* Resources */,
			);
			buildRules = (
			);
			dependencies = (
				5F40044122A8EFA000186541 /* PBXTargetDependency */,
			);
			name = ToutiaoNewsUITests;
			productName = ToutiaoNewsUITests;
			productReference = 5F40043F22A8EFA000186541 /* ToutiaoNewsUITests.xctest */;
			productType = "com.apple.product-type.bundle.ui-testing";
		};
/* End PBXNativeTarget section */

/* Begin PBXProject section */
		5F40041822A8EF9E00186541 /* Project object */ = {
			isa = PBXProject;
			attributes = {
				LastSwiftUpdateCheck = 1010;
				LastUpgradeCheck = 1010;
				ORGANIZATIONNAME = chiyz;
				TargetAttributes = {
					5F40041F22A8EF9E00186541 = {
						CreatedOnToolsVersion = 10.1;
						LastSwiftMigration = 1010;
					};
					5F40043322A8EFA000186541 = {
						CreatedOnToolsVersion = 10.1;
						TestTargetID = 5F40041F22A8EF9E00186541;
					};
					5F40043E22A8EFA000186541 = {
						CreatedOnToolsVersion = 10.1;
						TestTargetID = 5F40041F22A8EF9E00186541;
					};
				};
			};
			buildConfigurationList = 5F40041B22A8EF9E00186541 /* Build configuration list for PBXProject "ToutiaoNews" */;
			compatibilityVersion = "Xcode 9.3";
			developmentRegion = en;
			hasScannedForEncodings = 0;
			knownRegions = (
				en,
				Base,
			);
			mainGroup = 5F40041722A8EF9E00186541;
			productRefGroup = 5F40042122A8EF9E00186541 /* Products */;
			projectDirPath = "";
			projectRoot = "";
			targets = (
				5F40041F22A8EF9E00186541 /* ToutiaoNews */,
				5F40043322A8EFA000186541 /* ToutiaoNewsTests */,
				5F40043E22A8EFA000186541 /* ToutiaoNewsUITests */,
			);
		};
/* End PBXProject section */

/* Begin PBXResourcesBuildPhase section */
		5F40041E22A8EF9E00186541 /* Resources */ = {
			isa = PBXResourcesBuildPhase;
			buildActionMask = 2147483647;
			files = (
				5F3A39DA22AE56AE0058DCBD /* MyOtherCell.xib in Resources */,
				5F0DC7CC22B8D64300465667 /* activity.plist in Resources */,
				5F0DC7D322B8D64300465667 /* emoji_mapping.plist in Resources */,
				5F3A39DE22AE64DD0058DCBD /* MyConcernCell.xib in Resources */,
				5F40048622A915BD00186541 /* default_theme.plist in Resources */,
				5F40048722A915BD00186541 /* night_theme.plist in Resources */,
				5F0DC7D122B8D64300465667 /* emoji_sort.plist in Resources */,
				5F3A39D622AE56960058DCBD /* MyFirstSectionCell.xib in Resources */,
				5F0DC7D022B8D64300465667 /* settingPlist.plist in Resources */,
				5F40048D22A920A900186541 /* NoLoginHeaderView.xib in Resources */,
				5F1CEFC222B3B5C6000AA25B /* HomeImageTableCell.xib in Resources */,
				5F1CEFBE22B3A53B000AA25B /* HomeJokeCell.xib in Resources */,
				5F0DC7D222B8D64300465667 /* activity2.plist in Resources */,
				5F40042E22A8EFA000186541 /* LaunchScreen.storyboard in Resources */,
				5F0DC7B122B8B9C100465667 /* TheyAlsoUseCell.xib in Resources */,
				5F0DC7CD22B8D64300465667 /* shengxiao.plist in Resources */,
				5F0DC7BB22B8C9EA00465667 /* HomeCell.xib in Resources */,
				5F40042B22A8EFA000186541 /* Assets.xcassets in Resources */,
				5F0DC7CE22B8D64300465667 /* activity_main_head_white.json in Resources */,
				5F0DC7CB22B8D64300465667 /* activity_main_mahjong_start_guide.json in Resources */,
				5F4BF04122B108C40028CEFB /* HomeAddCategoryController.xib in Resources */,
				5F40042922A8EF9E00186541 /* Main.storyboard in Resources */,
				5F0DC7B522B8BBDC00465667 /* TheyUseCollectionCell.xib in Resources */,
				5F0DC7CF22B8D64300465667 /* emojis.plist in Resources */,
				5F4BF03D22B0FE880028CEFB /* HomeNavigationView.xib in Resources */,
				5F0DC7AD22B893A400465667 /* HomeUserCell.xib in Resources */,
			);
			runOnlyForDeploymentPostprocessing = 0;
		};
		5F40043222A8EFA000186541 /* Resources */ = {
			isa = PBXResourcesBuildPhase;
			buildActionMask = 2147483647;
			files = (
			);
			runOnlyForDeploymentPostprocessing = 0;
		};
		5F40043D22A8EFA000186541 /* Resources */ = {
			isa = PBXResourcesBuildPhase;
			buildActionMask = 2147483647;
			files = (
			);
			runOnlyForDeploymentPostprocessing = 0;
		};
/* End PBXResourcesBuildPhase section */

/* Begin PBXShellScriptBuildPhase section */
		3AABFCDA67788E77B3687609 /* [CP] Check Pods Manifest.lock */ = {
			isa = PBXShellScriptBuildPhase;
			buildActionMask = 2147483647;
			files = (
			);
			inputFileListPaths = (
			);
			inputPaths = (
				"${PODS_PODFILE_DIR_PATH}/Podfile.lock",
				"${PODS_ROOT}/Manifest.lock",
			);
			name = "[CP] Check Pods Manifest.lock";
			outputFileListPaths = (
			);
			outputPaths = (
				"$(DERIVED_FILE_DIR)/Pods-ToutiaoNewsTests-checkManifestLockResult.txt",
			);
			runOnlyForDeploymentPostprocessing = 0;
			shellPath = /bin/sh;
			shellScript = "diff \"${PODS_PODFILE_DIR_PATH}/Podfile.lock\" \"${PODS_ROOT}/Manifest.lock\" > /dev/null\nif [ $? != 0 ] ; then\n    # print error to STDERR\n    echo \"error: The sandbox is not in sync with the Podfile.lock. Run 'pod install' or update your CocoaPods installation.\" >&2\n    exit 1\nfi\n# This output is used by Xcode 'outputs' to avoid re-running this script phase.\necho \"SUCCESS\" > \"${SCRIPT_OUTPUT_FILE_0}\"\n";
			showEnvVarsInLog = 0;
		};
		4A4E6DFE4730656BDEBF17A9 /* [CP] Embed Pods Frameworks */ = {
			isa = PBXShellScriptBuildPhase;
			buildActionMask = 2147483647;
			files = (
			);
			inputFileListPaths = (
				"${PODS_ROOT}/Target Support Files/Pods-ToutiaoNews/Pods-ToutiaoNews-frameworks-${CONFIGURATION}-input-files.xcfilelist",
			);
			name = "[CP] Embed Pods Frameworks";
			outputFileListPaths = (
				"${PODS_ROOT}/Target Support Files/Pods-ToutiaoNews/Pods-ToutiaoNews-frameworks-${CONFIGURATION}-output-files.xcfilelist",
			);
			runOnlyForDeploymentPostprocessing = 0;
			shellPath = /bin/sh;
			shellScript = "\"${PODS_ROOT}/Target Support Files/Pods-ToutiaoNews/Pods-ToutiaoNews-frameworks.sh\"\n";
			showEnvVarsInLog = 0;
		};
		74E25E062634431E97601794 /* [CP] Check Pods Manifest.lock */ = {
			isa = PBXShellScriptBuildPhase;
			buildActionMask = 2147483647;
			files = (
			);
			inputFileListPaths = (
			);
			inputPaths = (
				"${PODS_PODFILE_DIR_PATH}/Podfile.lock",
				"${PODS_ROOT}/Manifest.lock",
			);
			name = "[CP] Check Pods Manifest.lock";
			outputFileListPaths = (
			);
			outputPaths = (
				"$(DERIVED_FILE_DIR)/Pods-ToutiaoNews-checkManifestLockResult.txt",
			);
			runOnlyForDeploymentPostprocessing = 0;
			shellPath = /bin/sh;
			shellScript = "diff \"${PODS_PODFILE_DIR_PATH}/Podfile.lock\" \"${PODS_ROOT}/Manifest.lock\" > /dev/null\nif [ $? != 0 ] ; then\n    # print error to STDERR\n    echo \"error: The sandbox is not in sync with the Podfile.lock. Run 'pod install' or update your CocoaPods installation.\" >&2\n    exit 1\nfi\n# This output is used by Xcode 'outputs' to avoid re-running this script phase.\necho \"SUCCESS\" > \"${SCRIPT_OUTPUT_FILE_0}\"\n";
			showEnvVarsInLog = 0;
		};
		7F62D848207D191B1CCBE42E /* [CP] Check Pods Manifest.lock */ = {
			isa = PBXShellScriptBuildPhase;
			buildActionMask = 2147483647;
			files = (
			);
			inputFileListPaths = (
			);
			inputPaths = (
				"${PODS_PODFILE_DIR_PATH}/Podfile.lock",
				"${PODS_ROOT}/Manifest.lock",
			);
			name = "[CP] Check Pods Manifest.lock";
			outputFileListPaths = (
			);
			outputPaths = (
				"$(DERIVED_FILE_DIR)/Pods-ToutiaoNewsUITests-checkManifestLockResult.txt",
			);
			runOnlyForDeploymentPostprocessing = 0;
			shellPath = /bin/sh;
			shellScript = "diff \"${PODS_PODFILE_DIR_PATH}/Podfile.lock\" \"${PODS_ROOT}/Manifest.lock\" > /dev/null\nif [ $? != 0 ] ; then\n    # print error to STDERR\n    echo \"error: The sandbox is not in sync with the Podfile.lock. Run 'pod install' or update your CocoaPods installation.\" >&2\n    exit 1\nfi\n# This output is used by Xcode 'outputs' to avoid re-running this script phase.\necho \"SUCCESS\" > \"${SCRIPT_OUTPUT_FILE_0}\"\n";
			showEnvVarsInLog = 0;
		};
/* End PBXShellScriptBuildPhase section */

/* Begin PBXSourcesBuildPhase section */
		5F40041C22A8EF9E00186541 /* Sources */ = {
			isa = PBXSourcesBuildPhase;
			buildActionMask = 2147483647;
			files = (
				5F0DC7BA22B8C9EA00465667 /* HomeCell.swift in Sources */,
				5F4BF02F22B0E5820028CEFB /* Foundation+Extension.swift in Sources */,
				5F3A39D222AE42850058DCBD /* UIKit+Extension.swift in Sources */,
				5F40042622A8EF9E00186541 /* ViewController.swift in Sources */,
				5F4BF03322B0EAC20028CEFB /* SVProgressHUD+Extension.swift in Sources */,
				5F40042422A8EF9E00186541 /* AppDelegate.swift in Sources */,
				5F3A39D522AE56960058DCBD /* MyFirstSectionCell.swift in Sources */,
				5F4BF02922B0E2170028CEFB /* NewsModel.swift in Sources */,
				5F4BF02122B0D8D90028CEFB /* HomeImageViewController.swift in Sources */,
				5F3A39D922AE56AE0058DCBD /* MyOtherCell.swift in Sources */,
				5F40047C22A90BD000186541 /* WeitoutiaoViewController.swift in Sources */,
				5F40048022A9100900186541 /* MyNavigationController.swift in Sources */,
				5F1CEFBD22B3A53B000AA25B /* HomeJokeCell.swift in Sources */,
				5F3A39DD22AE64DD0058DCBD /* MyConcernCell.swift in Sources */,
				5F40048222A9112400186541 /* RedPackageViewController.swift in Sources */,
				5F0DC7C122B8D3ED00465667 /* NSData+CRC32.m in Sources */,
				5F40048B22A9208700186541 /* NoLoginHeaderView.swift in Sources */,
				5F4BF03522B0ECB70028CEFB /* RefreshView.swift in Sources */,
				5F4D373722B1F5710098A358 /* SQLiteManager.swift in Sources */,
				5F4BF02D22B0E4000028CEFB /* Emoji.swift in Sources */,
				5F0DC7B422B8BBDC00465667 /* TheyUseCollectionCell.swift in Sources */,
				5F4BF04022B108C40028CEFB /* HomeAddCategoryController.swift in Sources */,
				5F09488322AF9349008B3E8D /* NetworkTool.swift in Sources */,
				5F4BF02322B0DF2A0028CEFB /* HomeTableViewController.swift in Sources */,
				5F40045F22A9090A00186541 /* MainTabBarController.swift in Sources */,
				5F0DC7BD22B8D37300465667 /* NewYearActivity.swift in Sources */,
				5F4BF01F22B0D5600028CEFB /* HomeJokeViewController.swift in Sources */,
				5F09488522AFA3E3008B3E8D /* UserDetail.swift in Sources */,
				5F4BF02722B0E0FF0028CEFB /* VideoPlayerCustomView.swift in Sources */,
				5F40047A22A90BA300186541 /* MineViewController.swift in Sources */,
				5F40048922A9181100186541 /* MyCellModel.swift in Sources */,
				5F4BF02B22B0E3700028CEFB /* Calculate.swift in Sources */,
				5F0DC7AC22B893A400465667 /* HomeUserCell.swift in Sources */,
				5F4BF03B22B0FE720028CEFB /* HomeNavigationView.swift in Sources */,
				5F0DC7B722B8C43E00465667 /* Wenda.swift in Sources */,
				5F0DC7B022B8B9C100465667 /* TheyAlsoUseCell.swift in Sources */,
				5F4BF03922B0FBD10028CEFB /* TeMaiViewController.swift in Sources */,
				5F40047622A90B8100186541 /* VideoViewController.swift in Sources */,
				5F1CEFC122B3B5C6000AA25B /* HomeImageTableCell.swift in Sources */,
				5F40046522A90ADE00186541 /* HomeViewController.swift in Sources */,
				5F4BF03122B0E9DA0028CEFB /* Video.swift in Sources */,
				5F40047822A90B9300186541 /* HuoshanViewController.swift in Sources */,
				5F4BF02522B0DFE20028CEFB /* HomeNewsTitle.swift in Sources */,
				5F40047E22A90F3100186541 /* Const.swift in Sources */,
				5F4BF03722B0F9960028CEFB /* HomeRecommendController.swift in Sources */,
			);
			runOnlyForDeploymentPostprocessing = 0;
		};
		5F40043022A8EFA000186541 /* Sources */ = {
			isa = PBXSourcesBuildPhase;
			buildActionMask = 2147483647;
			files = (
				5F40043922A8EFA000186541 /* ToutiaoNewsTests.swift in Sources */,
			);
			runOnlyForDeploymentPostprocessing = 0;
		};
		5F40043B22A8EFA000186541 /* Sources */ = {
			isa = PBXSourcesBuildPhase;
			buildActionMask = 2147483647;
			files = (
				5F40044422A8EFA000186541 /* ToutiaoNewsUITests.swift in Sources */,
			);
			runOnlyForDeploymentPostprocessing = 0;
		};
/* End PBXSourcesBuildPhase section */

/* Begin PBXTargetDependency section */
		5F40043622A8EFA000186541 /* PBXTargetDependency */ = {
			isa = PBXTargetDependency;
			target = 5F40041F22A8EF9E00186541 /* ToutiaoNews */;
			targetProxy = 5F40043522A8EFA000186541 /* PBXContainerItemProxy */;
		};
		5F40044122A8EFA000186541 /* PBXTargetDependency */ = {
			isa = PBXTargetDependency;
			target = 5F40041F22A8EF9E00186541 /* ToutiaoNews */;
			targetProxy = 5F40044022A8EFA000186541 /* PBXContainerItemProxy */;
		};
/* End PBXTargetDependency section */

/* Begin PBXVariantGroup section */
		5F40042722A8EF9E00186541 /* Main.storyboard */ = {
			isa = PBXVariantGroup;
			children = (
				5F40042822A8EF9E00186541 /* Base */,
			);
			name = Main.storyboard;
			sourceTree = "<group>";
		};
		5F40042C22A8EFA000186541 /* LaunchScreen.storyboard */ = {
			isa = PBXVariantGroup;
			children = (
				5F40042D22A8EFA000186541 /* Base */,
			);
			name = LaunchScreen.storyboard;
			sourceTree = "<group>";
		};
/* End PBXVariantGroup section */

/* Begin XCBuildConfiguration section */
		5F40044622A8EFA000186541 /* Debug */ = {
			isa = XCBuildConfiguration;
			buildSettings = {
				ALWAYS_SEARCH_USER_PATHS = NO;
				CLANG_ANALYZER_NONNULL = YES;
				CLANG_ANALYZER_NUMBER_OBJECT_CONVERSION = YES_AGGRESSIVE;
				CLANG_CXX_LANGUAGE_STANDARD = "gnu++14";
				CLANG_CXX_LIBRARY = "libc++";
				CLANG_ENABLE_MODULES = YES;
				CLANG_ENABLE_OBJC_ARC = YES;
				CLANG_ENABLE_OBJC_WEAK = YES;
				CLANG_WARN_BLOCK_CAPTURE_AUTORELEASING = YES;
				CLANG_WARN_BOOL_CONVERSION = YES;
				CLANG_WARN_COMMA = YES;
				CLANG_WARN_CONSTANT_CONVERSION = YES;
				CLANG_WARN_DEPRECATED_OBJC_IMPLEMENTATIONS = YES;
				CLANG_WARN_DIRECT_OBJC_ISA_USAGE = YES_ERROR;
				CLANG_WARN_DOCUMENTATION_COMMENTS = YES;
				CLANG_WARN_EMPTY_BODY = YES;
				CLANG_WARN_ENUM_CONVERSION = YES;
				CLANG_WARN_INFINITE_RECURSION = YES;
				CLANG_WARN_INT_CONVERSION = YES;
				CLANG_WARN_NON_LITERAL_NULL_CONVERSION = YES;
				CLANG_WARN_OBJC_IMPLICIT_RETAIN_SELF = YES;
				CLANG_WARN_OBJC_LITERAL_CONVERSION = YES;
				CLANG_WARN_OBJC_ROOT_CLASS = YES_ERROR;
				CLANG_WARN_RANGE_LOOP_ANALYSIS = YES;
				CLANG_WARN_STRICT_PROTOTYPES = YES;
				CLANG_WARN_SUSPICIOUS_MOVE = YES;
				CLANG_WARN_UNGUARDED_AVAILABILITY = YES_AGGRESSIVE;
				CLANG_WARN_UNREACHABLE_CODE = YES;
				CLANG_WARN__DUPLICATE_METHOD_MATCH = YES;
				CODE_SIGN_IDENTITY = "iPhone Developer";
				COPY_PHASE_STRIP = NO;
				DEBUG_INFORMATION_FORMAT = dwarf;
				ENABLE_STRICT_OBJC_MSGSEND = YES;
				ENABLE_TESTABILITY = YES;
				GCC_C_LANGUAGE_STANDARD = gnu11;
				GCC_DYNAMIC_NO_PIC = NO;
				GCC_NO_COMMON_BLOCKS = YES;
				GCC_OPTIMIZATION_LEVEL = 0;
				GCC_PREPROCESSOR_DEFINITIONS = (
					"DEBUG=1",
					"$(inherited)",
				);
				GCC_WARN_64_TO_32_BIT_CONVERSION = YES;
				GCC_WARN_ABOUT_RETURN_TYPE = YES_ERROR;
				GCC_WARN_UNDECLARED_SELECTOR = YES;
				GCC_WARN_UNINITIALIZED_AUTOS = YES_AGGRESSIVE;
				GCC_WARN_UNUSED_FUNCTION = YES;
				GCC_WARN_UNUSED_VARIABLE = YES;
				IPHONEOS_DEPLOYMENT_TARGET = 12.1;
				MTL_ENABLE_DEBUG_INFO = INCLUDE_SOURCE;
				MTL_FAST_MATH = YES;
				ONLY_ACTIVE_ARCH = YES;
				SDKROOT = iphoneos;
				SWIFT_ACTIVE_COMPILATION_CONDITIONS = DEBUG;
				SWIFT_OPTIMIZATION_LEVEL = "-Onone";
			};
			name = Debug;
		};
		5F40044722A8EFA000186541 /* Release */ = {
			isa = XCBuildConfiguration;
			buildSettings = {
				ALWAYS_SEARCH_USER_PATHS = NO;
				CLANG_ANALYZER_NONNULL = YES;
				CLANG_ANALYZER_NUMBER_OBJECT_CONVERSION = YES_AGGRESSIVE;
				CLANG_CXX_LANGUAGE_STANDARD = "gnu++14";
				CLANG_CXX_LIBRARY = "libc++";
				CLANG_ENABLE_MODULES = YES;
				CLANG_ENABLE_OBJC_ARC = YES;
				CLANG_ENABLE_OBJC_WEAK = YES;
				CLANG_WARN_BLOCK_CAPTURE_AUTORELEASING = YES;
				CLANG_WARN_BOOL_CONVERSION = YES;
				CLANG_WARN_COMMA = YES;
				CLANG_WARN_CONSTANT_CONVERSION = YES;
				CLANG_WARN_DEPRECATED_OBJC_IMPLEMENTATIONS = YES;
				CLANG_WARN_DIRECT_OBJC_ISA_USAGE = YES_ERROR;
				CLANG_WARN_DOCUMENTATION_COMMENTS = YES;
				CLANG_WARN_EMPTY_BODY = YES;
				CLANG_WARN_ENUM_CONVERSION = YES;
				CLANG_WARN_INFINITE_RECURSION = YES;
				CLANG_WARN_INT_CONVERSION = YES;
				CLANG_WARN_NON_LITERAL_NULL_CONVERSION = YES;
				CLANG_WARN_OBJC_IMPLICIT_RETAIN_SELF = YES;
				CLANG_WARN_OBJC_LITERAL_CONVERSION = YES;
				CLANG_WARN_OBJC_ROOT_CLASS = YES_ERROR;
				CLANG_WARN_RANGE_LOOP_ANALYSIS = YES;
				CLANG_WARN_STRICT_PROTOTYPES = YES;
				CLANG_WARN_SUSPICIOUS_MOVE = YES;
				CLANG_WARN_UNGUARDED_AVAILABILITY = YES_AGGRESSIVE;
				CLANG_WARN_UNREACHABLE_CODE = YES;
				CLANG_WARN__DUPLICATE_METHOD_MATCH = YES;
				CODE_SIGN_IDENTITY = "iPhone Developer";
				COPY_PHASE_STRIP = NO;
				DEBUG_INFORMATION_FORMAT = "dwarf-with-dsym";
				ENABLE_NS_ASSERTIONS = NO;
				ENABLE_STRICT_OBJC_MSGSEND = YES;
				GCC_C_LANGUAGE_STANDARD = gnu11;
				GCC_NO_COMMON_BLOCKS = YES;
				GCC_WARN_64_TO_32_BIT_CONVERSION = YES;
				GCC_WARN_ABOUT_RETURN_TYPE = YES_ERROR;
				GCC_WARN_UNDECLARED_SELECTOR = YES;
				GCC_WARN_UNINITIALIZED_AUTOS = YES_AGGRESSIVE;
				GCC_WARN_UNUSED_FUNCTION = YES;
				GCC_WARN_UNUSED_VARIABLE = YES;
				IPHONEOS_DEPLOYMENT_TARGET = 12.1;
				MTL_ENABLE_DEBUG_INFO = NO;
				MTL_FAST_MATH = YES;
				SDKROOT = iphoneos;
				SWIFT_COMPILATION_MODE = wholemodule;
				SWIFT_OPTIMIZATION_LEVEL = "-O";
				VALIDATE_PRODUCT = YES;
			};
			name = Release;
		};
		5F40044922A8EFA000186541 /* Debug */ = {
			isa = XCBuildConfiguration;
			baseConfigurationReference = E43AAFE24B8B44E266CFD2DD /* Pods-ToutiaoNews.debug.xcconfig */;
			buildSettings = {
				ASSETCATALOG_COMPILER_APPICON_NAME = AppIcon;
				CLANG_ENABLE_MODULES = YES;
				CODE_SIGN_STYLE = Manual;
				DEVELOPMENT_TEAM = BUSLFV36ZF;
				INFOPLIST_FILE = ToutiaoNews/Info.plist;
				IPHONEOS_DEPLOYMENT_TARGET = 9.0;
				LD_RUNPATH_SEARCH_PATHS = (
					"$(inherited)",
					"@executable_path/Frameworks",
				);
				PRODUCT_BUNDLE_IDENTIFIER = com.sample.ToutiaoNews;
				PRODUCT_NAME = "$(TARGET_NAME)";
				PROVISIONING_PROFILE_SPECIFIER = shoude_Dev_0724;
				SWIFT_OBJC_BRIDGING_HEADER = "ToutiaoNews/Classes/Main/Extension/ToutiaoNews-Bridging-Header.h";
				SWIFT_OPTIMIZATION_LEVEL = "-Onone";
				SWIFT_VERSION = 4.2;
				TARGETED_DEVICE_FAMILY = "1,2";
			};
			name = Debug;
		};
		5F40044A22A8EFA000186541 /* Release */ = {
			isa = XCBuildConfiguration;
			baseConfigurationReference = 33D6D973B2BF9B5AD7DEB4D6 /* Pods-ToutiaoNews.release.xcconfig */;
			buildSettings = {
				ASSETCATALOG_COMPILER_APPICON_NAME = AppIcon;
				CLANG_ENABLE_MODULES = YES;
				CODE_SIGN_STYLE = Manual;
				DEVELOPMENT_TEAM = BUSLFV36ZF;
				INFOPLIST_FILE = ToutiaoNews/Info.plist;
				IPHONEOS_DEPLOYMENT_TARGET = 9.0;
				LD_RUNPATH_SEARCH_PATHS = (
					"$(inherited)",
					"@executable_path/Frameworks",
				);
				PRODUCT_BUNDLE_IDENTIFIER = com.sample.ToutiaoNews;
				PRODUCT_NAME = "$(TARGET_NAME)";
				PROVISIONING_PROFILE_SPECIFIER = shoude_Dev_0724;
				SWIFT_OBJC_BRIDGING_HEADER = "ToutiaoNews/Classes/Main/Extension/ToutiaoNews-Bridging-Header.h";
				SWIFT_VERSION = 4.2;
				TARGETED_DEVICE_FAMILY = "1,2";
			};
			name = Release;
		};
		5F40044C22A8EFA000186541 /* Debug */ = {
			isa = XCBuildConfiguration;
			baseConfigurationReference = 5A1C0E22037E3DF4A62CF551 /* Pods-ToutiaoNewsTests.debug.xcconfig */;
			buildSettings = {
				ALWAYS_EMBED_SWIFT_STANDARD_LIBRARIES = YES;
				BUNDLE_LOADER = "$(TEST_HOST)";
				CODE_SIGN_IDENTITY = "iPhone Developer";
				CODE_SIGN_STYLE = Manual;
				DEVELOPMENT_TEAM = BUSLFV36ZF;
				INFOPLIST_FILE = ToutiaoNewsTests/Info.plist;
				LD_RUNPATH_SEARCH_PATHS = (
					"$(inherited)",
					"@executable_path/Frameworks",
					"@loader_path/Frameworks",
				);
				PRODUCT_BUNDLE_IDENTIFIER = com.sample.ToutiaoNewsTests;
				PRODUCT_NAME = "$(TARGET_NAME)";
				PROVISIONING_PROFILE_SPECIFIER = "";
				SWIFT_VERSION = 4.2;
				TARGETED_DEVICE_FAMILY = "1,2";
				TEST_HOST = "$(BUILT_PRODUCTS_DIR)/ToutiaoNews.app/ToutiaoNews";
			};
			name = Debug;
		};
		5F40044D22A8EFA000186541 /* Release */ = {
			isa = XCBuildConfiguration;
			baseConfigurationReference = 7EB93B9A6C38196FD51B04D8 /* Pods-ToutiaoNewsTests.release.xcconfig */;
			buildSettings = {
				ALWAYS_EMBED_SWIFT_STANDARD_LIBRARIES = YES;
				BUNDLE_LOADER = "$(TEST_HOST)";
				CODE_SIGN_IDENTITY = "iPhone Developer";
				CODE_SIGN_STYLE = Manual;
				DEVELOPMENT_TEAM = BUSLFV36ZF;
				INFOPLIST_FILE = ToutiaoNewsTests/Info.plist;
				LD_RUNPATH_SEARCH_PATHS = (
					"$(inherited)",
					"@executable_path/Frameworks",
					"@loader_path/Frameworks",
				);
				PRODUCT_BUNDLE_IDENTIFIER = com.sample.ToutiaoNewsTests;
				PRODUCT_NAME = "$(TARGET_NAME)";
				PROVISIONING_PROFILE_SPECIFIER = "";
				SWIFT_VERSION = 4.2;
				TARGETED_DEVICE_FAMILY = "1,2";
				TEST_HOST = "$(BUILT_PRODUCTS_DIR)/ToutiaoNews.app/ToutiaoNews";
			};
			name = Release;
		};
		5F40044F22A8EFA000186541 /* Debug */ = {
			isa = XCBuildConfiguration;
			baseConfigurationReference = A381ECDBA4C58B7CDD7F6ABB /* Pods-ToutiaoNewsUITests.debug.xcconfig */;
			buildSettings = {
				ALWAYS_EMBED_SWIFT_STANDARD_LIBRARIES = YES;
				CODE_SIGN_STYLE = Manual;
				DEVELOPMENT_TEAM = BUSLFV36ZF;
				INFOPLIST_FILE = ToutiaoNewsUITests/Info.plist;
				LD_RUNPATH_SEARCH_PATHS = (
					"$(inherited)",
					"@executable_path/Frameworks",
					"@loader_path/Frameworks",
				);
				PRODUCT_BUNDLE_IDENTIFIER = com.sample.ToutiaoNewsUITests;
				PRODUCT_NAME = "$(TARGET_NAME)";
				PROVISIONING_PROFILE_SPECIFIER = shoude_Dev_0724;
				SWIFT_VERSION = 4.2;
				TARGETED_DEVICE_FAMILY = "1,2";
				TEST_TARGET_NAME = ToutiaoNews;
			};
			name = Debug;
		};
		5F40045022A8EFA000186541 /* Release */ = {
			isa = XCBuildConfiguration;
			baseConfigurationReference = B712BAE43DDF3B9464391799 /* Pods-ToutiaoNewsUITests.release.xcconfig */;
			buildSettings = {
				ALWAYS_EMBED_SWIFT_STANDARD_LIBRARIES = YES;
				CODE_SIGN_STYLE = Manual;
				DEVELOPMENT_TEAM = BUSLFV36ZF;
				INFOPLIST_FILE = ToutiaoNewsUITests/Info.plist;
				LD_RUNPATH_SEARCH_PATHS = (
					"$(inherited)",
					"@executable_path/Frameworks",
					"@loader_path/Frameworks",
				);
				PRODUCT_BUNDLE_IDENTIFIER = com.sample.ToutiaoNewsUITests;
				PRODUCT_NAME = "$(TARGET_NAME)";
				PROVISIONING_PROFILE_SPECIFIER = shoude_Dev_0724;
				SWIFT_VERSION = 4.2;
				TARGETED_DEVICE_FAMILY = "1,2";
				TEST_TARGET_NAME = ToutiaoNews;
			};
			name = Release;
		};
/* End XCBuildConfiguration section */

/* Begin XCConfigurationList section */
		5F40041B22A8EF9E00186541 /* Build configuration list for PBXProject "ToutiaoNews" */ = {
			isa = XCConfigurationList;
			buildConfigurations = (
				5F40044622A8EFA000186541 /* Debug */,
				5F40044722A8EFA000186541 /* Release */,
			);
			defaultConfigurationIsVisible = 0;
			defaultConfigurationName = Release;
		};
		5F40044822A8EFA000186541 /* Build configuration list for PBXNativeTarget "ToutiaoNews" */ = {
			isa = XCConfigurationList;
			buildConfigurations = (
				5F40044922A8EFA000186541 /* Debug */,
				5F40044A22A8EFA000186541 /* Release */,
			);
			defaultConfigurationIsVisible = 0;
			defaultConfigurationName = Release;
		};
		5F40044B22A8EFA000186541 /* Build configuration list for PBXNativeTarget "ToutiaoNewsTests" */ = {
			isa = XCConfigurationList;
			buildConfigurations = (
				5F40044C22A8EFA000186541 /* Debug */,
				5F40044D22A8EFA000186541 /* Release */,
			);
			defaultConfigurationIsVisible = 0;
			defaultConfigurationName = Release;
		};
		5F40044E22A8EFA000186541 /* Build configuration list for PBXNativeTarget "ToutiaoNewsUITests" */ = {
			isa = XCConfigurationList;
			buildConfigurations = (
				5F40044F22A8EFA000186541 /* Debug */,
				5F40045022A8EFA000186541 /* Release */,
			);
			defaultConfigurationIsVisible = 0;
			defaultConfigurationName = Release;
		};
/* End XCConfigurationList section */
	};
	rootObject = 5F40041822A8EF9E00186541 /* Project object */;
}
